
Microsoft Visual Studio Solution File, Format Version 12.00
# Visual Studio Version 16
VisualStudioVersion = 16.0.31205.134
MinimumVisualStudioVersion = 10.0.40219.1
Project("{9A19103F-16F7-4668-BE54-9A1E7A4F7556}") = "RSD-2-API", "RSD-2-API.csproj", "{2D4DD1CF-E1A3-413A-8C5D-1248413F6862}"
EndProject
Global
	GlobalSection(SolutionConfigurationPlatforms) = preSolution
		Debug|Any CPU = Debug|Any CPU
		Release|Any CPU = Release|Any CPU
	EndGlobalSection
	GlobalSection(ProjectConfigurationPlatforms) = postSolution
		{2D4DD1CF-E1A3-413A-8C5D-1248413F6862}.Debug|Any CPU.ActiveCfg = Debug|Any CPU
		{2D4DD1CF-E1A3-413A-8C5D-1248413F6862}.Debug|Any CPU.Build.0 = Debug|Any CPU
		{2D4DD1CF-E1A3-413A-8C5D-1248413F6862}.Release|Any CPU.ActiveCfg = Release|Any CPU
		{2D4DD1CF-E1A3-413A-8C5D-1248413F6862}.Release|Any CPU.Build.0 = Release|Any CPU
	EndGlobalSection
	GlobalSection(SolutionProperties) = preSolution
		HideSolutionNode = FALSE
	EndGlobalSection
	GlobalSection(ExtensibilityGlobals) = postSolution
		SolutionGuid = {F5D86FB8-FC6A-4CCA-96E5-06E22AB21DD2}
	EndGlobalSection
EndGlobal
